// !$*UTF8*$!
{
	archiveVersion = 1;
	classes = {
	};
	objectVersion = 46;
	objects = {

/* Begin PBXBuildFile section */
		1D3623260D0F684500981E51 /* DemoAppDelegate.m in Sources */ = {isa = PBXBuildFile; fileRef = 1D3623250D0F684500981E51 /* DemoAppDelegate.m */; };
		1D60589B0D05DD56006BFB54 /* main.m in Sources */ = {isa = PBXBuildFile; fileRef = 29B97316FDCFA39411CA2CEA /* main.m */; };
		1D60589F0D05DD5A006BFB54 /* Foundation.framework in Frameworks */ = {isa = PBXBuildFile; fileRef = 1D30AB110D05D00D00671497 /* Foundation.framework */; };
		1DF5F4E00D08C38300B7A737 /* UIKit.framework in Frameworks */ = {isa = PBXBuildFile; fileRef = 1DF5F4DF0D08C38300B7A737 /* UIKit.framework */; };
		288765A50DF7441C002DB57D /* CoreGraphics.framework in Frameworks */ = {isa = PBXBuildFile; fileRef = 288765A40DF7441C002DB57D /* CoreGraphics.framework */; };
		2899E5220DE3E06400AC0155 /* DemoViewController.xib in Resources */ = {isa = PBXBuildFile; fileRef = 2899E5210DE3E06400AC0155 /* DemoViewController.xib */; };
		28AD733F0D9D9553002E5188 /* MainWindow.xib in Resources */ = {isa = PBXBuildFile; fileRef = 28AD733E0D9D9553002E5188 /* MainWindow.xib */; };
		28D7ACF80DDB3853001CB0EB /* DemoViewController.m in Sources */ = {isa = PBXBuildFile; fileRef = 28D7ACF70DDB3853001CB0EB /* DemoViewController.m */; };
		7B8A753212C4A99D00591C8C /* MHRotaryKnob.m in Sources */ = {isa = PBXBuildFile; fileRef = 7B8A753112C4A99D00591C8C /* MHRotaryKnob.m */; };
		7B8A753712C4ABB600591C8C /* Knob.png in Resources */ = {isa = PBXBuildFile; fileRef = 7B8A753612C4ABB600591C8C /* Knob.png */; };
		7B8A772312C4F51900591C8C /* Knob Highlighted.png in Resources */ = {isa = PBXBuildFile; fileRef = 7B8A772212C4F51900591C8C /* Knob Highlighted.png */; };
		7B8A77AA12C5071D00591C8C /* Knob Disabled.png in Resources */ = {isa = PBXBuildFile; fileRef = 7B8A77A912C5071D00591C8C /* Knob Disabled.png */; };
		7B8A77E012C517FC00591C8C /* QuartzCore.framework in Frameworks */ = {isa = PBXBuildFile; fileRef = 7B8A77DF12C517FC00591C8C /* QuartzCore.framework */; };
		7BC0B13F12C73CA900D2AB04 /* Knob Highlighted@2x.png in Resources */ = {isa = PBXBuildFile; fileRef = 7BC0B13D12C73CA900D2AB04 /* Knob Highlighted@2x.png */; };
		7BC0B14012C73CA900D2AB04 /* Knob@2x.png in Resources */ = {isa = PBXBuildFile; fileRef = 7BC0B13E12C73CA900D2AB04 /* Knob@2x.png */; };
		7BC0B14212C73E6C00D2AB04 /* Knob Disabled@2x.png in Resources */ = {isa = PBXBuildFile; fileRef = 7BC0B14112C73E6C00D2AB04 /* Knob Disabled@2x.png */; };
		7BE58D0A12C5E54200123765 /* MainWindow-iPad.xib in Resources */ = {isa = PBXBuildFile; fileRef = 7BE58D0912C5E54200123765 /* MainWindow-iPad.xib */; };
		7BE58D2612C5F4B400123765 /* Knob Background.png in Resources */ = {isa = PBXBuildFile; fileRef = 7BE58D2412C5F4B400123765 /* Knob Background.png */; };
		7BE58D2712C5F4B400123765 /* Knob Background@2x.png in Resources */ = {isa = PBXBuildFile; fileRef = 7BE58D2512C5F4B400123765 /* Knob Background@2x.png */; };
/* End PBXBuildFile section */

/* Begin PBXFileReference section */
		1D30AB110D05D00D00671497 /* Foundation.framework */ = {isa = PBXFileReference; lastKnownFileType = wrapper.framework; name = Foundation.framework; path = System/Library/Frameworks/Foundation.framework; sourceTree = SDKROOT; };
		1D3623240D0F684500981E51 /* DemoAppDelegate.h */ = {isa = PBXFileReference; fileEncoding = 4; lastKnownFileType = sourcecode.c.h; path = DemoAppDelegate.h; sourceTree = "<group>"; };
		1D3623250D0F684500981E51 /* DemoAppDelegate.m */ = {isa = PBXFileReference; fileEncoding = 4; lastKnownFileType = sourcecode.c.objc; path = DemoAppDelegate.m; sourceTree = "<group>"; };
		1D6058910D05DD3D006BFB54 /* Demo.app */ = {isa = PBXFileReference; explicitFileType = wrapper.application; includeInIndex = 0; path = Demo.app; sourceTree = BUILT_PRODUCTS_DIR; };
		1DF5F4DF0D08C38300B7A737 /* UIKit.framework */ = {isa = PBXFileReference; lastKnownFileType = wrapper.framework; name = UIKit.framework; path = System/Library/Frameworks/UIKit.framework; sourceTree = SDKROOT; };
		288765A40DF7441C002DB57D /* CoreGraphics.framework */ = {isa = PBXFileReference; lastKnownFileType = wrapper.framework; name = CoreGraphics.framework; path = System/Library/Frameworks/CoreGraphics.framework; sourceTree = SDKROOT; };
		2899E5210DE3E06400AC0155 /* DemoViewController.xib */ = {isa = PBXFileReference; lastKnownFileType = file.xib; path = DemoViewController.xib; sourceTree = "<group>"; };
		28AD733E0D9D9553002E5188 /* MainWindow.xib */ = {isa = PBXFileReference; lastKnownFileType = file.xib; path = MainWindow.xib; sourceTree = "<group>"; };
		28D7ACF60DDB3853001CB0EB /* DemoViewController.h */ = {isa = PBXFileReference; fileEncoding = 4; lastKnownFileType = sourcecode.c.h; path = DemoViewController.h; sourceTree = "<group>"; };
		28D7ACF70DDB3853001CB0EB /* DemoViewController.m */ = {isa = PBXFileReference; fileEncoding = 4; lastKnownFileType = sourcecode.c.objc; path = DemoViewController.m; sourceTree = "<group>"; };
		29B97316FDCFA39411CA2CEA /* main.m */ = {isa = PBXFileReference; fileEncoding = 4; lastKnownFileType = sourcecode.c.objc; path = main.m; sourceTree = "<group>"; };
		32CA4F630368D1EE00C91783 /* Demo_Prefix.pch */ = {isa = PBXFileReference; fileEncoding = 4; lastKnownFileType = sourcecode.c.h; path = Demo_Prefix.pch; sourceTree = "<group>"; };
		7B8A753012C4A99D00591C8C /* MHRotaryKnob.h */ = {isa = PBXFileReference; fileEncoding = 4; lastKnownFileType = sourcecode.c.h; path = MHRotaryKnob.h; sourceTree = "<group>"; };
		7B8A753112C4A99D00591C8C /* MHRotaryKnob.m */ = {isa = PBXFileReference; fileEncoding = 4; lastKnownFileType = sourcecode.c.objc; path = MHRotaryKnob.m; sourceTree = "<group>"; };
		7B8A753612C4ABB600591C8C /* Knob.png */ = {isa = PBXFileReference; lastKnownFileType = image.png; path = Knob.png; sourceTree = "<group>"; };
		7B8A772212C4F51900591C8C /* Knob Highlighted.png */ = {isa = PBXFileReference; lastKnownFileType = image.png; path = "Knob Highlighted.png"; sourceTree = "<group>"; };
		7B8A77A912C5071D00591C8C /* Knob Disabled.png */ = {isa = PBXFileReference; lastKnownFileType = image.png; path = "Knob Disabled.png"; sourceTree = "<group>"; };
		7B8A77DF12C517FC00591C8C /* QuartzCore.framework */ = {isa = PBXFileReference; lastKnownFileType = wrapper.framework; name = QuartzCore.framework; path = System/Library/Frameworks/QuartzCore.framework; sourceTree = SDKROOT; };
		7BC0B13D12C73CA900D2AB04 /* Knob Highlighted@2x.png */ = {isa = PBXFileReference; lastKnownFileType = image.png; path = "Knob Highlighted@2x.png"; sourceTree = "<group>"; };
		7BC0B13E12C73CA900D2AB04 /* Knob@2x.png */ = {isa = PBXFileReference; lastKnownFileType = image.png; path = "Knob@2x.png"; sourceTree = "<group>"; };
		7BC0B14112C73E6C00D2AB04 /* Knob Disabled@2x.png */ = {isa = PBXFileReference; lastKnownFileType = image.png; path = "Knob Disabled@2x.png"; sourceTree = "<group>"; };
		7BE58D0912C5E54200123765 /* MainWindow-iPad.xib */ = {isa = PBXFileReference; lastKnownFileType = file.xib; name = "MainWindow-iPad.xib"; path = "Resources-iPad/MainWindow-iPad.xib"; sourceTree = "<group>"; };
		7BE58D2412C5F4B400123765 /* Knob Background.png */ = {isa = PBXFileReference; lastKnownFileType = image.png; path = "Knob Background.png"; sourceTree = "<group>"; };
		7BE58D2512C5F4B400123765 /* Knob Background@2x.png */ = {isa = PBXFileReference; lastKnownFileType = image.png; path = "Knob Background@2x.png"; sourceTree = "<group>"; };
		8D1107310486CEB800E47090 /* Demo-Info.plist */ = {isa = PBXFileReference; fileEncoding = 4; lastKnownFileType = text.plist.xml; path = "Demo-Info.plist"; plistStructureDefinitionIdentifier = "com.apple.xcode.plist.structure-definition.iphone.info-plist"; sourceTree = "<group>"; };
/* End PBXFileReference section */

/* Begin PBXFrameworksBuildPhase section */
		1D60588F0D05DD3D006BFB54 /* Frameworks */ = {
			isa = PBXFrameworksBuildPhase;
			buildActionMask = 2147483647;
			files = (
				1D60589F0D05DD5A006BFB54 /* Foundation.framework in Frameworks */,
				1DF5F4E00D08C38300B7A737 /* UIKit.framework in Frameworks */,
				288765A50DF7441C002DB57D /* CoreGraphics.framework in Frameworks */,
				7B8A77E012C517FC00591C8C /* QuartzCore.framework in Frameworks */,
			);
			runOnlyForDeploymentPostprocessing = 0;
		};
/* End PBXFrameworksBuildPhase section */

/* Begin PBXGroup section */
		080E96DDFE201D6D7F000001 /* Classes */ = {
			isa = PBXGroup;
			children = (
				1D3623240D0F684500981E51 /* DemoAppDelegate.h */,
				1D3623250D0F684500981E51 /* DemoAppDelegate.m */,
				28D7ACF60DDB3853001CB0EB /* DemoViewController.h */,
				28D7ACF70DDB3853001CB0EB /* DemoViewController.m */,
				7B8A753012C4A99D00591C8C /* MHRotaryKnob.h */,
				7B8A753112C4A99D00591C8C /* MHRotaryKnob.m */,
			);
			path = Classes;
			sourceTree = "<group>";
		};
		19C28FACFE9D520D11CA2CBB /* Products */ = {
			isa = PBXGroup;
			children = (
				1D6058910D05DD3D006BFB54 /* Demo.app */,
			);
			name = Products;
			sourceTree = "<group>";
		};
		29B97314FDCFA39411CA2CEA /* CustomTemplate */ = {
			isa = PBXGroup;
			children = (
				080E96DDFE201D6D7F000001 /* Classes */,
				29B97315FDCFA39411CA2CEA /* Other Sources */,
				7B8A753512C4ABB600591C8C /* Images */,
				29B97317FDCFA39411CA2CEA /* Resources */,
				7BE58D0812C5E54200123765 /* Resources-iPad */,
				29B97323FDCFA39411CA2CEA /* Frameworks */,
				19C28FACFE9D520D11CA2CBB /* Products */,
			);
			name = CustomTemplate;
			sourceTree = "<group>";
		};
		29B97315FDCFA39411CA2CEA /* Other Sources */ = {
			isa = PBXGroup;
			children = (
				32CA4F630368D1EE00C91783 /* Demo_Prefix.pch */,
				29B97316FDCFA39411CA2CEA /* main.m */,
			);
			name = "Other Sources";
			sourceTree = "<group>";
		};
		29B97317FDCFA39411CA2CEA /* Resources */ = {
			isa = PBXGroup;
			children = (
				2899E5210DE3E06400AC0155 /* DemoViewController.xib */,
				28AD733E0D9D9553002E5188 /* MainWindow.xib */,
				8D1107310486CEB800E47090 /* Demo-Info.plist */,
			);
			name = Resources;
			sourceTree = "<group>";
		};
		29B97323FDCFA39411CA2CEA /* Frameworks */ = {
			isa = PBXGroup;
			children = (
				288765A40DF7441C002DB57D /* CoreGraphics.framework */,
				1D30AB110D05D00D00671497 /* Foundation.framework */,
				7B8A77DF12C517FC00591C8C /* QuartzCore.framework */,
				1DF5F4DF0D08C38300B7A737 /* UIKit.framework */,
			);
			name = Frameworks;
			sourceTree = "<group>";
		};
		7B8A753512C4ABB600591C8C /* Images */ = {
			isa = PBXGroup;
			children = (
				7BE58D2412C5F4B400123765 /* Knob Background.png */,
				7BE58D2512C5F4B400123765 /* Knob Background@2x.png */,
				7B8A77A912C5071D00591C8C /* Knob Disabled.png */,
				7BC0B14112C73E6C00D2AB04 /* Knob Disabled@2x.png */,
				7B8A772212C4F51900591C8C /* Knob Highlighted.png */,
				7BC0B13D12C73CA900D2AB04 /* Knob Highlighted@2x.png */,
				7B8A753612C4ABB600591C8C /* Knob.png */,
				7BC0B13E12C73CA900D2AB04 /* Knob@2x.png */,
			);
			path = Images;
			sourceTree = "<group>";
		};
		7BE58D0812C5E54200123765 /* Resources-iPad */ = {
			isa = PBXGroup;
			children = (
				7BE58D0912C5E54200123765 /* MainWindow-iPad.xib */,
			);
			name = "Resources-iPad";
			sourceTree = "<group>";
		};
/* End PBXGroup section */

/* Begin PBXNativeTarget section */
		1D6058900D05DD3D006BFB54 /* Demo */ = {
			isa = PBXNativeTarget;
			buildConfigurationList = 1D6058960D05DD3E006BFB54 /* Build configuration list for PBXNativeTarget "Demo" */;
			buildPhases = (
				1D60588D0D05DD3D006BFB54 /* Resources */,
				1D60588E0D05DD3D006BFB54 /* Sources */,
				1D60588F0D05DD3D006BFB54 /* Frameworks */,
			);
			buildRules = (
			);
			dependencies = (
			);
			name = Demo;
			productName = Demo;
			productReference = 1D6058910D05DD3D006BFB54 /* Demo.app */;
			productType = "com.apple.product-type.application";
		};
/* End PBXNativeTarget section */

/* Begin PBXProject section */
		29B97313FDCFA39411CA2CEA /* Project object */ = {
			isa = PBXProject;
			attributes = {
				LastUpgradeCheck = 0420;
			};
			buildConfigurationList = C01FCF4E08A954540054247B /* Build configuration list for PBXProject "Demo" */;
			compatibilityVersion = "Xcode 3.2";
			developmentRegion = English;
			hasScannedForEncodings = 1;
			knownRegions = (
				English,
				Japanese,
				French,
				German,
			);
			mainGroup = 29B97314FDCFA39411CA2CEA /* CustomTemplate */;
			projectDirPath = "";
			projectRoot = "";
			targets = (
				1D6058900D05DD3D006BFB54 /* Demo */,
			);
		};
/* End PBXProject section */

/* Begin PBXResourcesBuildPhase section */
		1D60588D0D05DD3D006BFB54 /* Resources */ = {
			isa = PBXResourcesBuildPhase;
			buildActionMask = 2147483647;
			files = (
				28AD733F0D9D9553002E5188 /* MainWindow.xib in Resources */,
				2899E5220DE3E06400AC0155 /* DemoViewController.xib in Resources */,
				7B8A753712C4ABB600591C8C /* Knob.png in Resources */,
				7B8A772312C4F51900591C8C /* Knob Highlighted.png in Resources */,
				7B8A77AA12C5071D00591C8C /* Knob Disabled.png in Resources */,
				7BE58D0A12C5E54200123765 /* MainWindow-iPad.xib in Resources */,
				7BE58D2612C5F4B400123765 /* Knob Background.png in Resources */,
				7BE58D2712C5F4B400123765 /* Knob Background@2x.png in Resources */,
				7BC0B13F12C73CA900D2AB04 /* Knob Highlighted@2x.png in Resources */,
				7BC0B14012C73CA900D2AB04 /* Knob@2x.png in Resources */,
				7BC0B14212C73E6C00D2AB04 /* Knob Disabled@2x.png in Resources */,
			);
			runOnlyForDeploymentPostprocessing = 0;
		};
/* End PBXResourcesBuildPhase section */

/* Begin PBXSourcesBuildPhase section */
		1D60588E0D05DD3D006BFB54 /* Sources */ = {
			isa = PBXSourcesBuildPhase;
			buildActionMask = 2147483647;
			files = (
				1D60589B0D05DD56006BFB54 /* main.m in Sources */,
				1D3623260D0F684500981E51 /* DemoAppDelegate.m in Sources */,
				28D7ACF80DDB3853001CB0EB /* DemoViewController.m in Sources */,
				7B8A753212C4A99D00591C8C /* MHRotaryKnob.m in Sources */,
			);
			runOnlyForDeploymentPostprocessing = 0;
		};
/* End PBXSourcesBuildPhase section */

/* Begin XCBuildConfiguration section */
		1D6058940D05DD3E006BFB54 /* Debug */ = {
			isa = XCBuildConfiguration;
			buildSettings = {
				ALWAYS_SEARCH_USER_PATHS = NO;
				ARCHS = "$(ARCHS_STANDARD_32_BIT)";
				COPY_PHASE_STRIP = NO;
				GCC_DYNAMIC_NO_PIC = NO;
				GCC_OPTIMIZATION_LEVEL = 0;
				GCC_PRECOMPILE_PREFIX_HEADER = YES;
				GCC_PREFIX_HEADER = Demo_Prefix.pch;
				INFOPLIST_FILE = "Demo-Info.plist";
				IPHONEOS_DEPLOYMENT_TARGET = 3.0;
				PRODUCT_NAME = Demo;
				RUN_CLANG_STATIC_ANALYZER = YES;
				SDKROOT = iphoneos;
				TARGETED_DEVICE_FAMILY = "1,2";
				WARNING_CFLAGS = "-Wall";
			};
			name = Debug;
		};
		1D6058950D05DD3E006BFB54 /* Release */ = {
			isa = XCBuildConfiguration;
			buildSettings = {
				ALWAYS_SEARCH_USER_PATHS = NO;
				ARCHS = "$(ARCHS_STANDARD_32_BIT)";
				COPY_PHASE_STRIP = YES;
				GCC_PRECOMPILE_PREFIX_HEADER = YES;
				GCC_PREFIX_HEADER = Demo_Prefix.pch;
				INFOPLIST_FILE = "Demo-Info.plist";
				IPHONEOS_DEPLOYMENT_TARGET = 3.0;
				PRODUCT_NAME = Demo;
				RUN_CLANG_STATIC_ANALYZER = YES;
				SDKROOT = iphoneos;
				TARGETED_DEVICE_FAMILY = "1,2";
				VALIDATE_PRODUCT = YES;
				WARNING_CFLAGS = "-Wall";
			};
			name = Release;
		};
		C01FCF4F08A954540054247B /* Debug */ = {
			isa = XCBuildConfiguration;
			buildSettings = {
				ARCHS = "$(ARCHS_STANDARD_32_BIT)";
				"CODE_SIGN_IDENTITY[sdk=iphoneos*]" = "iPhone Developer";
				GCC_C_LANGUAGE_STANDARD = c99;
				GCC_WARN_ABOUT_RETURN_TYPE = YES;
				GCC_WARN_UNUSED_VARIABLE = YES;
				SDKROOT = iphoneos;
			};
			name = Debug;
		};
		C01FCF5008A954540054247B /* Release */ = {
			isa = XCBuildConfiguration;
			buildSettings = {
				ARCHS = "$(ARCHS_STANDARD_32_BIT)";
				"CODE_SIGN_IDENTITY[sdk=iphoneos*]" = "iPhone Developer";
				GCC_C_LANGUAGE_STANDARD = c99;
				GCC_WARN_ABOUT_RETURN_TYPE = YES;
				GCC_WARN_UNUSED_VARIABLE = YES;
				OTHER_CFLAGS = "-DNS_BLOCK_ASSERTIONS=1";
				SDKROOT = iphoneos;
			};
			name = Release;
		};
/* End XCBuildConfiguration section */

/* Begin XCConfigurationList section */
		1D6058960D05DD3E006BFB54 /* Build configuration list for PBXNativeTarget "Demo" */ = {
			isa = XCConfigurationList;
			buildConfigurations = (
				1D6058940D05DD3E006BFB54 /* Debug */,
				1D6058950D05DD3E006BFB54 /* Release */,
			);
			defaultConfigurationIsVisible = 0;
			defaultConfigurationName = Release;
		};
		C01FCF4E08A954540054247B /* Build configuration list for PBXProject "Demo" */ = {
			isa = XCConfigurationList;
			buildConfigurations = (
				C01FCF4F08A954540054247B /* Debug */,
				C01FCF5008A954540054247B /* Release */,
			);
			defaultConfigurationIsVisible = 0;
			defaultConfigurationName = Release;
		};
/* End XCConfigurationList section */
	};
	rootObject = 29B97313FDCFA39411CA2CEA /* Project object */;
}
